
Microsoft Visual Studio Solution File, Format Version 12.00
# Visual Studio Version 17
VisualStudioVersion = 17.7.34202.233
MinimumVisualStudioVersion = 10.0.40219.1
Project("{FAE04EC0-301F-11D3-BF4B-00C04F79EFBC}") = "ASPproject.Core", "ASPproject.Core\ASPproject.Core.csproj", "{5A32FD6F-4F1D-43CE-8571-A33D01EED5C1}"
EndProject
Project("{FAE04EC0-301F-11D3-BF4B-00C04F79EFBC}") = "ASPproject.MainWeb", "ASPproject.MainWeb\ASPproject.MainWeb.csproj", "{05144098-B091-4709-87A3-24854BA836F9}"
EndProject
Global
	GlobalSection(SolutionConfigurationPlatforms) = preSolution
		Debug|Any CPU = Debug|Any CPU
		Release|Any CPU = Release|Any CPU
	EndGlobalSection
	GlobalSection(ProjectConfigurationPlatforms) = postSolution
		{5A32FD6F-4F1D-43CE-8571-A33D01EED5C1}.Debug|Any CPU.ActiveCfg = Debug|Any CPU
		{5A32FD6F-4F1D-43CE-8571-A33D01EED5C1}.Debug|Any CPU.Build.0 = Debug|Any CPU
		{5A32FD6F-4F1D-43CE-8571-A33D01EED5C1}.Release|Any CPU.ActiveCfg = Release|Any CPU
		{5A32FD6F-4F1D-43CE-8571-A33D01EED5C1}.Release|Any CPU.Build.0 = Release|Any CPU
		{05144098-B091-4709-87A3-24854BA836F9}.Debug|Any CPU.ActiveCfg = Debug|Any CPU
		{05144098-B091-4709-87A3-24854BA836F9}.Debug|Any CPU.Build.0 = Debug|Any CPU
		{05144098-B091-4709-87A3-24854BA836F9}.Release|Any CPU.ActiveCfg = Release|Any CPU
		{05144098-B091-4709-87A3-24854BA836F9}.Release|Any CPU.Build.0 = Release|Any CPU
	EndGlobalSection
	GlobalSection(SolutionProperties) = preSolution
		HideSolutionNode = FALSE
	EndGlobalSection
	GlobalSection(ExtensibilityGlobals) = postSolution
		SolutionGuid = {CF9C10BB-95BE-4BD5-BC5C-FE3B0830D1E7}
	EndGlobalSection
EndGlobal
